
Microsoft Visual Studio Solution File, Format Version 12.00
# Visual Studio Version 17
VisualStudioVersion = 17.13.35931.197 d17.13
MinimumVisualStudioVersion = 10.0.40219.1
Project("{FAE04EC0-301F-11D3-BF4B-00C04F79EFBC}") = "MACrosSite", "MACrosSite.csproj", "{339B5931-CE39-4D56-9148-5BFDA0DB474F}"
EndProject
Global
	GlobalSection(SolutionConfigurationPlatforms) = preSolution
		Debug|Any CPU = Debug|Any CPU
		Release|Any CPU = Release|Any CPU
	EndGlobalSection
	GlobalSection(ProjectConfigurationPlatforms) = postSolution
		{339B5931-CE39-4D56-9148-5BFDA0DB474F}.Debug|Any CPU.ActiveCfg = Debug|Any CPU
		{339B5931-CE39-4D56-9148-5BFDA0DB474F}.Debug|Any CPU.Build.0 = Debug|Any CPU
		{339B5931-CE39-4D56-9148-5BFDA0DB474F}.Release|Any CPU.ActiveCfg = Release|Any CPU
		{339B5931-CE39-4D56-9148-5BFDA0DB474F}.Release|Any CPU.Build.0 = Release|Any CPU
	EndGlobalSection
	GlobalSection(SolutionProperties) = preSolution
		HideSolutionNode = FALSE
	EndGlobalSection
	GlobalSection(ExtensibilityGlobals) = postSolution
		SolutionGuid = {06C76525-A604-4F68-8BFF-15C2C57A3105}
	EndGlobalSection
EndGlobal
